
Microsoft Visual Studio Solution File, Format Version 12.00
# Visual Studio 15
VisualStudioVersion = 15.0.28307.852
MinimumVisualStudioVersion = 10.0.40219.1
Project("{FAE04EC0-301F-11D3-BF4B-00C04F79EFBC}") = "ColombianFood.Common", "ColombianFood.Common\ColombianFood.Common.csproj", "{E2F2EE79-3127-4410-B3E0-453D1D3225FA}"
EndProject
Project("{FAE04EC0-301F-11D3-BF4B-00C04F79EFBC}") = "ColombianFood.Web", "ColombianFood.Web\ColombianFood.Web.csproj", "{2F95673D-9381-4345-BB75-A8A6700BD38F}"
EndProject
Global
	GlobalSection(SolutionConfigurationPlatforms) = preSolution
		Debug|Any CPU = Debug|Any CPU
		Release|Any CPU = Release|Any CPU
	EndGlobalSection
	GlobalSection(ProjectConfigurationPlatforms) = postSolution
		{E2F2EE79-3127-4410-B3E0-453D1D3225FA}.Debug|Any CPU.ActiveCfg = Debug|Any CPU
		{E2F2EE79-3127-4410-B3E0-453D1D3225FA}.Debug|Any CPU.Build.0 = Debug|Any CPU
		{E2F2EE79-3127-4410-B3E0-453D1D3225FA}.Release|Any CPU.ActiveCfg = Release|Any CPU
		{E2F2EE79-3127-4410-B3E0-453D1D3225FA}.Release|Any CPU.Build.0 = Release|Any CPU
		{2F95673D-9381-4345-BB75-A8A6700BD38F}.Debug|Any CPU.ActiveCfg = Debug|Any CPU
		{2F95673D-9381-4345-BB75-A8A6700BD38F}.Debug|Any CPU.Build.0 = Debug|Any CPU
		{2F95673D-9381-4345-BB75-A8A6700BD38F}.Release|Any CPU.ActiveCfg = Release|Any CPU
		{2F95673D-9381-4345-BB75-A8A6700BD38F}.Release|Any CPU.Build.0 = Release|Any CPU
	EndGlobalSection
	GlobalSection(SolutionProperties) = preSolution
		HideSolutionNode = FALSE
	EndGlobalSection
	GlobalSection(ExtensibilityGlobals) = postSolution
		SolutionGuid = {61890743-9985-462B-9A5D-80D4579F788B}
	EndGlobalSection
EndGlobal
